
Microsoft Visual Studio Solution File, Format Version 12.00
# Visual Studio Version 16
VisualStudioVersion = 16.0.32602.291
MinimumVisualStudioVersion = 10.0.40219.1
Project("{8BC9CEB8-8B4A-11D0-8D11-00A0C91BC942}") = "OpenGL_GLFW", "OpenGL_GLFW.vcxproj", "{553939EA-6101-4746-AB38-A4B4F21477C2}"
EndProject
Global
	GlobalSection(SolutionConfigurationPlatforms) = preSolution
		Debug|x64 = Debug|x64
		Debug|x86 = Debug|x86
		Release|x64 = Release|x64
		Release|x86 = Release|x86
	EndGlobalSection
	GlobalSection(ProjectConfigurationPlatforms) = postSolution
		{553939EA-6101-4746-AB38-A4B4F21477C2}.Debug|x64.ActiveCfg = Debug|x64
		{553939EA-6101-4746-AB38-A4B4F21477C2}.Debug|x64.Build.0 = Debug|x64
		{553939EA-6101-4746-AB38-A4B4F21477C2}.Debug|x86.ActiveCfg = Debug|Win32
		{553939EA-6101-4746-AB38-A4B4F21477C2}.Debug|x86.Build.0 = Debug|Win32
		{553939EA-6101-4746-AB38-A4B4F21477C2}.Release|x64.ActiveCfg = Release|x64
		{553939EA-6101-4746-AB38-A4B4F21477C2}.Release|x64.Build.0 = Release|x64
		{553939EA-6101-4746-AB38-A4B4F21477C2}.Release|x86.ActiveCfg = Release|Win32
		{553939EA-6101-4746-AB38-A4B4F21477C2}.Release|x86.Build.0 = Release|Win32
	EndGlobalSection
	GlobalSection(SolutionProperties) = preSolution
		HideSolutionNode = FALSE
	EndGlobalSection
	GlobalSection(ExtensibilityGlobals) = postSolution
		SolutionGuid = {87F7E6EE-9E3E-445A-B67E-FD7E6F4F03B1}
	EndGlobalSection
EndGlobal
